
Microsoft Visual Studio Solution File, Format Version 12.00
# Visual Studio Version 16
VisualStudioVersion = 16.0.28803.202
MinimumVisualStudioVersion = 10.0.40219.1
Project("{FAE04EC0-301F-11D3-BF4B-00C04F79EFBC}") = "Oxford API Wrapper", "Oxford API Wrapper\Oxford API Wrapper.csproj", "{2ECE0A83-E785-4138-9184-A3EFFE235D02}"
EndProject
Global
	GlobalSection(SolutionConfigurationPlatforms) = preSolution
		Debug|Any CPU = Debug|Any CPU
		Release|Any CPU = Release|Any CPU
	EndGlobalSection
	GlobalSection(ProjectConfigurationPlatforms) = postSolution
		{2ECE0A83-E785-4138-9184-A3EFFE235D02}.Debug|Any CPU.ActiveCfg = Debug|Any CPU
		{2ECE0A83-E785-4138-9184-A3EFFE235D02}.Debug|Any CPU.Build.0 = Debug|Any CPU
		{2ECE0A83-E785-4138-9184-A3EFFE235D02}.Release|Any CPU.ActiveCfg = Release|Any CPU
		{2ECE0A83-E785-4138-9184-A3EFFE235D02}.Release|Any CPU.Build.0 = Release|Any CPU
	EndGlobalSection
	GlobalSection(SolutionProperties) = preSolution
		HideSolutionNode = FALSE
	EndGlobalSection
	GlobalSection(ExtensibilityGlobals) = postSolution
		SolutionGuid = {FD254F05-7850-450B-9825-8DCD9EE95D49}
	EndGlobalSection
EndGlobal
